// !$*UTF8*$!
{
	archiveVersion = 1;
	classes = {
	};
	objectVersion = 50;
	objects = {

/* Begin PBXBuildFile section */
		B22432E12808925E0046CD39 /* AddNewRecipeTableViewController.swift in Sources */ = {isa = PBXBuildFile; fileRef = B22432E02808925E0046CD39 /* AddNewRecipeTableViewController.swift */; };
		B229C65427B6927F005ED852 /* IngredientsDetailViewCell.swift in Sources */ = {isa = PBXBuildFile; fileRef = B229C65327B6927F005ED852 /* IngredientsDetailViewCell.swift */; };
		B23D311127FCB40E00AA3E03 /* ModifyIngridientViewController.swift in Sources */ = {isa = PBXBuildFile; fileRef = B23D311027FCB40E00AA3E03 /* ModifyIngridientViewController.swift */; };
		B24B92A826792DF30077D8C8 /* AppDelegate.swift in Sources */ = {isa = PBXBuildFile; fileRef = B24B92A726792DF30077D8C8 /* AppDelegate.swift */; };
		B24B92AA26792DF30077D8C8 /* SceneDelegate.swift in Sources */ = {isa = PBXBuildFile; fileRef = B24B92A926792DF30077D8C8 /* SceneDelegate.swift */; };
		B24B92AC26792DF30077D8C8 /* ViewController.swift in Sources */ = {isa = PBXBuildFile; fileRef = B24B92AB26792DF30077D8C8 /* ViewController.swift */; };
		B24B92AF26792DF30077D8C8 /* Main.storyboard in Resources */ = {isa = PBXBuildFile; fileRef = B24B92AD26792DF30077D8C8 /* Main.storyboard */; };
		B24B92B226792DF30077D8C8 /* Project_D_06_21.xcdatamodeld in Sources */ = {isa = PBXBuildFile; fileRef = B24B92B026792DF30077D8C8 /* Project_D_06_21.xcdatamodeld */; };
		B24B92B426792DF70077D8C8 /* Assets.xcassets in Resources */ = {isa = PBXBuildFile; fileRef = B24B92B326792DF70077D8C8 /* Assets.xcassets */; };
		B24B92B726792DF70077D8C8 /* LaunchScreen.storyboard in Resources */ = {isa = PBXBuildFile; fileRef = B24B92B526792DF70077D8C8 /* LaunchScreen.storyboard */; };
		B24B92C52679300F0077D8C8 /* IngredientsViewController.swift in Sources */ = {isa = PBXBuildFile; fileRef = B24B92C42679300F0077D8C8 /* IngredientsViewController.swift */; };
		B24B92C8267930450077D8C8 /* RecipesViewController.swift in Sources */ = {isa = PBXBuildFile; fileRef = B24B92C7267930450077D8C8 /* RecipesViewController.swift */; };
		B24B92D4267B93AD0077D8C8 /* recipes_1.plist in Resources */ = {isa = PBXBuildFile; fileRef = B24B92D3267B93A40077D8C8 /* recipes_1.plist */; };
		B26D35262680DF4A002E8F5D /* CategoryIngridViewController.swift in Sources */ = {isa = PBXBuildFile; fileRef = B26D35252680DF4A002E8F5D /* CategoryIngridViewController.swift */; };
		B26D35292680E40E002E8F5D /* AddIngridViewController.swift in Sources */ = {isa = PBXBuildFile; fileRef = B26D35282680E40E002E8F5D /* AddIngridViewController.swift */; };
		B26D353F2681F5AD002E8F5D /* normalIngrid.plist in Resources */ = {isa = PBXBuildFile; fileRef = B26D353E2681F5AD002E8F5D /* normalIngrid.plist */; };
		B26D354526823E10002E8F5D /* allIngrid.plist in Resources */ = {isa = PBXBuildFile; fileRef = B26D354426823E0F002E8F5D /* allIngrid.plist */; };
		B28DDBCA2802E8EA00689688 /* FilterRecipeViewController.swift in Sources */ = {isa = PBXBuildFile; fileRef = B28DDBC92802E8EA00689688 /* FilterRecipeViewController.swift */; };
		B28DDBCC2802E90F00689688 /* FilterRecipeTableViewCell.swift in Sources */ = {isa = PBXBuildFile; fileRef = B28DDBCB2802E90F00689688 /* FilterRecipeTableViewCell.swift */; };
		B28DDBCF2803295200689688 /* FilterRecipeDetailTableViewCell.swift in Sources */ = {isa = PBXBuildFile; fileRef = B28DDBCE2803295200689688 /* FilterRecipeDetailTableViewCell.swift */; };
		B28DDBD328033C9B00689688 /* FilterDetailRecipesViewController.swift in Sources */ = {isa = PBXBuildFile; fileRef = B28DDBD228033C9B00689688 /* FilterDetailRecipesViewController.swift */; };
		B28DDBD528038B1400689688 /* FilterRecipeCurrentDetailTableViewCell.swift in Sources */ = {isa = PBXBuildFile; fileRef = B28DDBD428038B1400689688 /* FilterRecipeCurrentDetailTableViewCell.swift */; };
		B294AF4427E381DD00117622 /* RecipeDetailViewController.swift in Sources */ = {isa = PBXBuildFile; fileRef = B294AF4327E381DD00117622 /* RecipeDetailViewController.swift */; };
		B2A89CB92698B85E00BFBECD /* AddIngridTableViewCell.swift in Sources */ = {isa = PBXBuildFile; fileRef = B2A89CB82698B85E00BFBECD /* AddIngridTableViewCell.swift */; };
		B2C40EE3280603A300CD0F92 /* Ingridient+CoreDataClass.swift in Sources */ = {isa = PBXBuildFile; fileRef = B2C40EDD280603A300CD0F92 /* Ingridient+CoreDataClass.swift */; };
		B2C40EE4280603A300CD0F92 /* Ingridient+CoreDataProperties.swift in Sources */ = {isa = PBXBuildFile; fileRef = B2C40EDE280603A300CD0F92 /* Ingridient+CoreDataProperties.swift */; };
		B2C40EE5280603A300CD0F92 /* Recipe+CoreDataClass.swift in Sources */ = {isa = PBXBuildFile; fileRef = B2C40EDF280603A300CD0F92 /* Recipe+CoreDataClass.swift */; };
		B2C40EE6280603A300CD0F92 /* Recipe+CoreDataProperties.swift in Sources */ = {isa = PBXBuildFile; fileRef = B2C40EE0280603A300CD0F92 /* Recipe+CoreDataProperties.swift */; };
		B2C40EE7280603A300CD0F92 /* MainIngridient+CoreDataClass.swift in Sources */ = {isa = PBXBuildFile; fileRef = B2C40EE1280603A300CD0F92 /* MainIngridient+CoreDataClass.swift */; };
		B2C40EE8280603A300CD0F92 /* MainIngridient+CoreDataProperties.swift in Sources */ = {isa = PBXBuildFile; fileRef = B2C40EE2280603A300CD0F92 /* MainIngridient+CoreDataProperties.swift */; };
		B2CD03CF27F6127200B1CA15 /* RecipesTableViewCell.swift in Sources */ = {isa = PBXBuildFile; fileRef = B2CD03CD27F6127200B1CA15 /* RecipesTableViewCell.swift */; };
		B2CD03D227F787F100B1CA15 /* CategoryIngridTableViewCell.swift in Sources */ = {isa = PBXBuildFile; fileRef = B2CD03D127F787F100B1CA15 /* CategoryIngridTableViewCell.swift */; };
/* End PBXBuildFile section */

/* Begin PBXFileReference section */
		B22432E02808925E0046CD39 /* AddNewRecipeTableViewController.swift */ = {isa = PBXFileReference; lastKnownFileType = sourcecode.swift; path = AddNewRecipeTableViewController.swift; sourceTree = "<group>"; };
		B229C65327B6927F005ED852 /* IngredientsDetailViewCell.swift */ = {isa = PBXFileReference; lastKnownFileType = sourcecode.swift; path = IngredientsDetailViewCell.swift; sourceTree = "<group>"; };
		B23D311027FCB40E00AA3E03 /* ModifyIngridientViewController.swift */ = {isa = PBXFileReference; lastKnownFileType = sourcecode.swift; path = ModifyIngridientViewController.swift; sourceTree = "<group>"; };
		B24B92A426792DF30077D8C8 /* Project_D_06_21.app */ = {isa = PBXFileReference; explicitFileType = wrapper.application; includeInIndex = 0; path = Project_D_06_21.app; sourceTree = BUILT_PRODUCTS_DIR; };
		B24B92A726792DF30077D8C8 /* AppDelegate.swift */ = {isa = PBXFileReference; lastKnownFileType = sourcecode.swift; path = AppDelegate.swift; sourceTree = "<group>"; };
		B24B92A926792DF30077D8C8 /* SceneDelegate.swift */ = {isa = PBXFileReference; lastKnownFileType = sourcecode.swift; path = SceneDelegate.swift; sourceTree = "<group>"; };
		B24B92AB26792DF30077D8C8 /* ViewController.swift */ = {isa = PBXFileReference; lastKnownFileType = sourcecode.swift; path = ViewController.swift; sourceTree = "<group>"; };
		B24B92AE26792DF30077D8C8 /* Base */ = {isa = PBXFileReference; lastKnownFileType = file.storyboard; name = Base; path = Base.lproj/Main.storyboard; sourceTree = "<group>"; };
		B24B92B126792DF30077D8C8 /* Project_D_06_21.xcdatamodel */ = {isa = PBXFileReference; lastKnownFileType = wrapper.xcdatamodel; path = Project_D_06_21.xcdatamodel; sourceTree = "<group>"; };
		B24B92B326792DF70077D8C8 /* Assets.xcassets */ = {isa = PBXFileReference; lastKnownFileType = folder.assetcatalog; path = Assets.xcassets; sourceTree = "<group>"; };
		B24B92B626792DF70077D8C8 /* Base */ = {isa = PBXFileReference; lastKnownFileType = file.storyboard; name = Base; path = Base.lproj/LaunchScreen.storyboard; sourceTree = "<group>"; };
		B24B92B826792DF70077D8C8 /* Info.plist */ = {isa = PBXFileReference; lastKnownFileType = text.plist.xml; path = Info.plist; sourceTree = "<group>"; };
		B24B92C42679300F0077D8C8 /* IngredientsViewController.swift */ = {isa = PBXFileReference; lastKnownFileType = sourcecode.swift; path = IngredientsViewController.swift; sourceTree = "<group>"; };
		B24B92C7267930450077D8C8 /* RecipesViewController.swift */ = {isa = PBXFileReference; lastKnownFileType = sourcecode.swift; path = RecipesViewController.swift; sourceTree = "<group>"; };
		B24B92D3267B93A40077D8C8 /* recipes_1.plist */ = {isa = PBXFileReference; fileEncoding = 4; lastKnownFileType = text.plist.xml; path = recipes_1.plist; sourceTree = "<group>"; };
		B26D35252680DF4A002E8F5D /* CategoryIngridViewController.swift */ = {isa = PBXFileReference; lastKnownFileType = sourcecode.swift; path = CategoryIngridViewController.swift; sourceTree = "<group>"; };
		B26D35282680E40E002E8F5D /* AddIngridViewController.swift */ = {isa = PBXFileReference; lastKnownFileType = sourcecode.swift; path = AddIngridViewController.swift; sourceTree = "<group>"; };
		B26D353E2681F5AD002E8F5D /* normalIngrid.plist */ = {isa = PBXFileReference; fileEncoding = 4; lastKnownFileType = text.plist.xml; path = normalIngrid.plist; sourceTree = "<group>"; };
		B26D354426823E0F002E8F5D /* allIngrid.plist */ = {isa = PBXFileReference; fileEncoding = 4; lastKnownFileType = text.plist.xml; path = allIngrid.plist; sourceTree = "<group>"; };
		B28DDBC92802E8EA00689688 /* FilterRecipeViewController.swift */ = {isa = PBXFileReference; lastKnownFileType = sourcecode.swift; path = FilterRecipeViewController.swift; sourceTree = "<group>"; };
		B28DDBCB2802E90F00689688 /* FilterRecipeTableViewCell.swift */ = {isa = PBXFileReference; lastKnownFileType = sourcecode.swift; path = FilterRecipeTableViewCell.swift; sourceTree = "<group>"; };
		B28DDBCE2803295200689688 /* FilterRecipeDetailTableViewCell.swift */ = {isa = PBXFileReference; lastKnownFileType = sourcecode.swift; path = FilterRecipeDetailTableViewCell.swift; sourceTree = "<group>"; };
		B28DDBD228033C9B00689688 /* FilterDetailRecipesViewController.swift */ = {isa = PBXFileReference; lastKnownFileType = sourcecode.swift; path = FilterDetailRecipesViewController.swift; sourceTree = "<group>"; };
		B28DDBD428038B1400689688 /* FilterRecipeCurrentDetailTableViewCell.swift */ = {isa = PBXFileReference; lastKnownFileType = sourcecode.swift; path = FilterRecipeCurrentDetailTableViewCell.swift; sourceTree = "<group>"; };
		B294AF4327E381DD00117622 /* RecipeDetailViewController.swift */ = {isa = PBXFileReference; lastKnownFileType = sourcecode.swift; path = RecipeDetailViewController.swift; sourceTree = "<group>"; };
		B2A89CB82698B85E00BFBECD /* AddIngridTableViewCell.swift */ = {isa = PBXFileReference; lastKnownFileType = sourcecode.swift; path = AddIngridTableViewCell.swift; sourceTree = "<group>"; };
		B2C40EDD280603A300CD0F92 /* Ingridient+CoreDataClass.swift */ = {isa = PBXFileReference; lastKnownFileType = sourcecode.swift; path = "Ingridient+CoreDataClass.swift"; sourceTree = "<group>"; };
		B2C40EDE280603A300CD0F92 /* Ingridient+CoreDataProperties.swift */ = {isa = PBXFileReference; lastKnownFileType = sourcecode.swift; path = "Ingridient+CoreDataProperties.swift"; sourceTree = "<group>"; };
		B2C40EDF280603A300CD0F92 /* Recipe+CoreDataClass.swift */ = {isa = PBXFileReference; lastKnownFileType = sourcecode.swift; path = "Recipe+CoreDataClass.swift"; sourceTree = "<group>"; };
		B2C40EE0280603A300CD0F92 /* Recipe+CoreDataProperties.swift */ = {isa = PBXFileReference; lastKnownFileType = sourcecode.swift; path = "Recipe+CoreDataProperties.swift"; sourceTree = "<group>"; };
		B2C40EE1280603A300CD0F92 /* MainIngridient+CoreDataClass.swift */ = {isa = PBXFileReference; lastKnownFileType = sourcecode.swift; path = "MainIngridient+CoreDataClass.swift"; sourceTree = "<group>"; };
		B2C40EE2280603A300CD0F92 /* MainIngridient+CoreDataProperties.swift */ = {isa = PBXFileReference; lastKnownFileType = sourcecode.swift; path = "MainIngridient+CoreDataProperties.swift"; sourceTree = "<group>"; };
		B2CD03CD27F6127200B1CA15 /* RecipesTableViewCell.swift */ = {isa = PBXFileReference; lastKnownFileType = sourcecode.swift; path = RecipesTableViewCell.swift; sourceTree = "<group>"; };
		B2CD03D127F787F100B1CA15 /* CategoryIngridTableViewCell.swift */ = {isa = PBXFileReference; lastKnownFileType = sourcecode.swift; path = CategoryIngridTableViewCell.swift; sourceTree = "<group>"; };
/* End PBXFileReference section */

/* Begin PBXFrameworksBuildPhase section */
		B24B92A126792DF30077D8C8 /* Frameworks */ = {
			isa = PBXFrameworksBuildPhase;
			buildActionMask = 2147483647;
			files = (
			);
			runOnlyForDeploymentPostprocessing = 0;
		};
/* End PBXFrameworksBuildPhase section */

/* Begin PBXGroup section */
		B22432E22808926B0046CD39 /* AddNewRecipe */ = {
			isa = PBXGroup;
			children = (
				B22432E02808925E0046CD39 /* AddNewRecipeTableViewController.swift */,
			);
			path = AddNewRecipe;
			sourceTree = "<group>";
		};
		B23D311227FCB41C00AA3E03 /* ModifyIngridient */ = {
			isa = PBXGroup;
			children = (
				B23D311027FCB40E00AA3E03 /* ModifyIngridientViewController.swift */,
			);
			path = ModifyIngridient;
			sourceTree = "<group>";
		};
		B24B929B26792DF30077D8C8 = {
			isa = PBXGroup;
			children = (
				B2C40EDD280603A300CD0F92 /* Ingridient+CoreDataClass.swift */,
				B2C40EDE280603A300CD0F92 /* Ingridient+CoreDataProperties.swift */,
				B2C40EDF280603A300CD0F92 /* Recipe+CoreDataClass.swift */,
				B2C40EE0280603A300CD0F92 /* Recipe+CoreDataProperties.swift */,
				B2C40EE1280603A300CD0F92 /* MainIngridient+CoreDataClass.swift */,
				B2C40EE2280603A300CD0F92 /* MainIngridient+CoreDataProperties.swift */,
				B24B92A626792DF30077D8C8 /* Project_D_06_21 */,
				B24B92A526792DF30077D8C8 /* Products */,
			);
			sourceTree = "<group>";
		};
		B24B92A526792DF30077D8C8 /* Products */ = {
			isa = PBXGroup;
			children = (
				B24B92A426792DF30077D8C8 /* Project_D_06_21.app */,
			);
			name = Products;
			sourceTree = "<group>";
		};
		B24B92A626792DF30077D8C8 /* Project_D_06_21 */ = {
			isa = PBXGroup;
			children = (
				B26D354426823E0F002E8F5D /* allIngrid.plist */,
				B26D353E2681F5AD002E8F5D /* normalIngrid.plist */,
				B24B92D3267B93A40077D8C8 /* recipes_1.plist */,
				B24B92A726792DF30077D8C8 /* AppDelegate.swift */,
				B24B92A926792DF30077D8C8 /* SceneDelegate.swift */,
				B24B92AB26792DF30077D8C8 /* ViewController.swift */,
				B24B92AD26792DF30077D8C8 /* Main.storyboard */,
				B24B92B326792DF70077D8C8 /* Assets.xcassets */,
				B24B92B526792DF70077D8C8 /* LaunchScreen.storyboard */,
				B24B92B826792DF70077D8C8 /* Info.plist */,
				B24B92B026792DF30077D8C8 /* Project_D_06_21.xcdatamodeld */,
				B2CD03D427F7882B00B1CA15 /* AddIngrid */,
				B2CD03D327F7881100B1CA15 /* CategoryIngrid */,
				B2CD03D827F788F900B1CA15 /* Ingredients */,
				B2CD03D527F7884300B1CA15 /* Recipes */,
				B2CD03D727F788CE00B1CA15 /* RecipeDetail */,
				B23D311227FCB41C00AA3E03 /* ModifyIngridient */,
				B28DDBCD2802E91800689688 /* FilterRecipe */,
				B22432E22808926B0046CD39 /* AddNewRecipe */,
			);
			path = Project_D_06_21;
			sourceTree = "<group>";
		};
		B28DDBCD2802E91800689688 /* FilterRecipe */ = {
			isa = PBXGroup;
			children = (
				B28DDBC92802E8EA00689688 /* FilterRecipeViewController.swift */,
				B28DDBCB2802E90F00689688 /* FilterRecipeTableViewCell.swift */,
				B28DDBCE2803295200689688 /* FilterRecipeDetailTableViewCell.swift */,
				B28DDBD628038B9300689688 /* CurrentDetail */,
			);
			path = FilterRecipe;
			sourceTree = "<group>";
		};
		B28DDBD628038B9300689688 /* CurrentDetail */ = {
			isa = PBXGroup;
			children = (
				B28DDBD228033C9B00689688 /* FilterDetailRecipesViewController.swift */,
				B28DDBD428038B1400689688 /* FilterRecipeCurrentDetailTableViewCell.swift */,
			);
			path = CurrentDetail;
			sourceTree = "<group>";
		};
		B2CD03D327F7881100B1CA15 /* CategoryIngrid */ = {
			isa = PBXGroup;
			children = (
				B26D35252680DF4A002E8F5D /* CategoryIngridViewController.swift */,
				B2CD03D127F787F100B1CA15 /* CategoryIngridTableViewCell.swift */,
			);
			path = CategoryIngrid;
			sourceTree = "<group>";
		};
		B2CD03D427F7882B00B1CA15 /* AddIngrid */ = {
			isa = PBXGroup;
			children = (
				B26D35282680E40E002E8F5D /* AddIngridViewController.swift */,
				B2A89CB82698B85E00BFBECD /* AddIngridTableViewCell.swift */,
			);
			path = AddIngrid;
			sourceTree = "<group>";
		};
		B2CD03D527F7884300B1CA15 /* Recipes */ = {
			isa = PBXGroup;
			children = (
				B24B92C7267930450077D8C8 /* RecipesViewController.swift */,
				B2CD03CD27F6127200B1CA15 /* RecipesTableViewCell.swift */,
			);
			path = Recipes;
			sourceTree = "<group>";
		};
		B2CD03D727F788CE00B1CA15 /* RecipeDetail */ = {
			isa = PBXGroup;
			children = (
				B294AF4327E381DD00117622 /* RecipeDetailViewController.swift */,
				B229C65327B6927F005ED852 /* IngredientsDetailViewCell.swift */,
			);
			path = RecipeDetail;
			sourceTree = "<group>";
		};
		B2CD03D827F788F900B1CA15 /* Ingredients */ = {
			isa = PBXGroup;
			children = (
				B24B92C42679300F0077D8C8 /* IngredientsViewController.swift */,
			);
			path = Ingredients;
			sourceTree = "<group>";
		};
/* End PBXGroup section */

/* Begin PBXNativeTarget section */
		B24B92A326792DF30077D8C8 /* Project_D_06_21 */ = {
			isa = PBXNativeTarget;
			buildConfigurationList = B24B92BB26792DF70077D8C8 /* Build configuration list for PBXNativeTarget "Project_D_06_21" */;
			buildPhases = (
				B24B92A026792DF30077D8C8 /* Sources */,
				B24B92A126792DF30077D8C8 /* Frameworks */,
				B24B92A226792DF30077D8C8 /* Resources */,
			);
			buildRules = (
			);
			dependencies = (
			);
			name = Project_D_06_21;
			productName = Project_D_06_21;
			productReference = B24B92A426792DF30077D8C8 /* Project_D_06_21.app */;
			productType = "com.apple.product-type.application";
		};
/* End PBXNativeTarget section */

/* Begin PBXProject section */
		B24B929C26792DF30077D8C8 /* Project object */ = {
			isa = PBXProject;
			attributes = {
				LastSwiftUpdateCheck = 1220;
				LastUpgradeCheck = 1220;
				TargetAttributes = {
					B24B92A326792DF30077D8C8 = {
						CreatedOnToolsVersion = 12.2;
					};
				};
			};
			buildConfigurationList = B24B929F26792DF30077D8C8 /* Build configuration list for PBXProject "Project_D_06_21" */;
			compatibilityVersion = "Xcode 9.3";
			developmentRegion = en;
			hasScannedForEncodings = 0;
			knownRegions = (
				en,
				Base,
			);
			mainGroup = B24B929B26792DF30077D8C8;
			productRefGroup = B24B92A526792DF30077D8C8 /* Products */;
			projectDirPath = "";
			projectRoot = "";
			targets = (
				B24B92A326792DF30077D8C8 /* Project_D_06_21 */,
			);
		};
/* End PBXProject section */

/* Begin PBXResourcesBuildPhase section */
		B24B92A226792DF30077D8C8 /* Resources */ = {
			isa = PBXResourcesBuildPhase;
			buildActionMask = 2147483647;
			files = (
				B24B92D4267B93AD0077D8C8 /* recipes_1.plist in Resources */,
				B26D354526823E10002E8F5D /* allIngrid.plist in Resources */,
				B24B92B726792DF70077D8C8 /* LaunchScreen.storyboard in Resources */,
				B24B92B426792DF70077D8C8 /* Assets.xcassets in Resources */,
				B26D353F2681F5AD002E8F5D /* normalIngrid.plist in Resources */,
				B24B92AF26792DF30077D8C8 /* Main.storyboard in Resources */,
			);
			runOnlyForDeploymentPostprocessing = 0;
		};
/* End PBXResourcesBuildPhase section */

/* Begin PBXSourcesBuildPhase section */
		B24B92A026792DF30077D8C8 /* Sources */ = {
			isa = PBXSourcesBuildPhase;
			buildActionMask = 2147483647;
			files = (
				B24B92C8267930450077D8C8 /* RecipesViewController.swift in Sources */,
				B2C40EE4280603A300CD0F92 /* Ingridient+CoreDataProperties.swift in Sources */,
				B23D311127FCB40E00AA3E03 /* ModifyIngridientViewController.swift in Sources */,
				B2C40EE8280603A300CD0F92 /* MainIngridient+CoreDataProperties.swift in Sources */,
				B2C40EE3280603A300CD0F92 /* Ingridient+CoreDataClass.swift in Sources */,
				B229C65427B6927F005ED852 /* IngredientsDetailViewCell.swift in Sources */,
				B2C40EE5280603A300CD0F92 /* Recipe+CoreDataClass.swift in Sources */,
				B24B92AC26792DF30077D8C8 /* ViewController.swift in Sources */,
				B26D35262680DF4A002E8F5D /* CategoryIngridViewController.swift in Sources */,
				B28DDBD328033C9B00689688 /* FilterDetailRecipesViewController.swift in Sources */,
				B24B92B226792DF30077D8C8 /* Project_D_06_21.xcdatamodeld in Sources */,
				B24B92C52679300F0077D8C8 /* IngredientsViewController.swift in Sources */,
				B24B92A826792DF30077D8C8 /* AppDelegate.swift in Sources */,
				B28DDBCF2803295200689688 /* FilterRecipeDetailTableViewCell.swift in Sources */,
				B2CD03D227F787F100B1CA15 /* CategoryIngridTableViewCell.swift in Sources */,
				B24B92AA26792DF30077D8C8 /* SceneDelegate.swift in Sources */,
				B2C40EE7280603A300CD0F92 /* MainIngridient+CoreDataClass.swift in Sources */,
				B2A89CB92698B85E00BFBECD /* AddIngridTableViewCell.swift in Sources */,
				B28DDBCC2802E90F00689688 /* FilterRecipeTableViewCell.swift in Sources */,
				B28DDBD528038B1400689688 /* FilterRecipeCurrentDetailTableViewCell.swift in Sources */,
				B28DDBCA2802E8EA00689688 /* FilterRecipeViewController.swift in Sources */,
				B294AF4427E381DD00117622 /* RecipeDetailViewController.swift in Sources */,
				B22432E12808925E0046CD39 /* AddNewRecipeTableViewController.swift in Sources */,
				B26D35292680E40E002E8F5D /* AddIngridViewController.swift in Sources */,
				B2CD03CF27F6127200B1CA15 /* RecipesTableViewCell.swift in Sources */,
				B2C40EE6280603A300CD0F92 /* Recipe+CoreDataProperties.swift in Sources */,
			);
			runOnlyForDeploymentPostprocessing = 0;
		};
/* End PBXSourcesBuildPhase section */

/* Begin PBXVariantGroup section */
		B24B92AD26792DF30077D8C8 /* Main.storyboard */ = {
			isa = PBXVariantGroup;
			children = (
				B24B92AE26792DF30077D8C8 /* Base */,
			);
			name = Main.storyboard;
			sourceTree = "<group>";
		};
		B24B92B526792DF70077D8C8 /* LaunchScreen.storyboard */ = {
			isa = PBXVariantGroup;
			children = (
				B24B92B626792DF70077D8C8 /* Base */,
			);
			name = LaunchScreen.storyboard;
			sourceTree = "<group>";
		};
/* End PBXVariantGroup section */

/* Begin XCBuildConfiguration section */
		B24B92B926792DF70077D8C8 /* Debug */ = {
			isa = XCBuildConfiguration;
			buildSettings = {
				ALWAYS_SEARCH_USER_PATHS = NO;
				CLANG_ANALYZER_NONNULL = YES;
				CLANG_ANALYZER_NUMBER_OBJECT_CONVERSION = YES_AGGRESSIVE;
				CLANG_CXX_LANGUAGE_STANDARD = "gnu++14";
				CLANG_CXX_LIBRARY = "libc++";
				CLANG_ENABLE_MODULES = YES;
				CLANG_ENABLE_OBJC_ARC = YES;
				CLANG_ENABLE_OBJC_WEAK = YES;
				CLANG_WARN_BLOCK_CAPTURE_AUTORELEASING = YES;
				CLANG_WARN_BOOL_CONVERSION = YES;
				CLANG_WARN_COMMA = YES;
				CLANG_WARN_CONSTANT_CONVERSION = YES;
				CLANG_WARN_DEPRECATED_OBJC_IMPLEMENTATIONS = YES;
				CLANG_WARN_DIRECT_OBJC_ISA_USAGE = YES_ERROR;
				CLANG_WARN_DOCUMENTATION_COMMENTS = YES;
				CLANG_WARN_EMPTY_BODY = YES;
				CLANG_WARN_ENUM_CONVERSION = YES;
				CLANG_WARN_INFINITE_RECURSION = YES;
				CLANG_WARN_INT_CONVERSION = YES;
				CLANG_WARN_NON_LITERAL_NULL_CONVERSION = YES;
				CLANG_WARN_OBJC_IMPLICIT_RETAIN_SELF = YES;
				CLANG_WARN_OBJC_LITERAL_CONVERSION = YES;
				CLANG_WARN_OBJC_ROOT_CLASS = YES_ERROR;
				CLANG_WARN_QUOTED_INCLUDE_IN_FRAMEWORK_HEADER = YES;
				CLANG_WARN_RANGE_LOOP_ANALYSIS = YES;
				CLANG_WARN_STRICT_PROTOTYPES = YES;
				CLANG_WARN_SUSPICIOUS_MOVE = YES;
				CLANG_WARN_UNGUARDED_AVAILABILITY = YES_AGGRESSIVE;
				CLANG_WARN_UNREACHABLE_CODE = YES;
				CLANG_WARN__DUPLICATE_METHOD_MATCH = YES;
				COPY_PHASE_STRIP = NO;
				DEBUG_INFORMATION_FORMAT = dwarf;
				ENABLE_STRICT_OBJC_MSGSEND = YES;
				ENABLE_TESTABILITY = YES;
				GCC_C_LANGUAGE_STANDARD = gnu11;
				GCC_DYNAMIC_NO_PIC = NO;
				GCC_NO_COMMON_BLOCKS = YES;
				GCC_OPTIMIZATION_LEVEL = 0;
				GCC_PREPROCESSOR_DEFINITIONS = (
					"DEBUG=1",
					"$(inherited)",
				);
				GCC_WARN_64_TO_32_BIT_CONVERSION = YES;
				GCC_WARN_ABOUT_RETURN_TYPE = YES_ERROR;
				GCC_WARN_UNDECLARED_SELECTOR = YES;
				GCC_WARN_UNINITIALIZED_AUTOS = YES_AGGRESSIVE;
				GCC_WARN_UNUSED_FUNCTION = YES;
				GCC_WARN_UNUSED_VARIABLE = YES;
				IPHONEOS_DEPLOYMENT_TARGET = 14.2;
				MTL_ENABLE_DEBUG_INFO = INCLUDE_SOURCE;
				MTL_FAST_MATH = YES;
				ONLY_ACTIVE_ARCH = YES;
				SDKROOT = iphoneos;
				SWIFT_ACTIVE_COMPILATION_CONDITIONS = DEBUG;
				SWIFT_OPTIMIZATION_LEVEL = "-Onone";
			};
			name = Debug;
		};
		B24B92BA26792DF70077D8C8 /* Release */ = {
			isa = XCBuildConfiguration;
			buildSettings = {
				ALWAYS_SEARCH_USER_PATHS = NO;
				CLANG_ANALYZER_NONNULL = YES;
				CLANG_ANALYZER_NUMBER_OBJECT_CONVERSION = YES_AGGRESSIVE;
				CLANG_CXX_LANGUAGE_STANDARD = "gnu++14";
				CLANG_CXX_LIBRARY = "libc++";
				CLANG_ENABLE_MODULES = YES;
				CLANG_ENABLE_OBJC_ARC = YES;
				CLANG_ENABLE_OBJC_WEAK = YES;
				CLANG_WARN_BLOCK_CAPTURE_AUTORELEASING = YES;
				CLANG_WARN_BOOL_CONVERSION = YES;
				CLANG_WARN_COMMA = YES;
				CLANG_WARN_CONSTANT_CONVERSION = YES;
				CLANG_WARN_DEPRECATED_OBJC_IMPLEMENTATIONS = YES;
				CLANG_WARN_DIRECT_OBJC_ISA_USAGE = YES_ERROR;
				CLANG_WARN_DOCUMENTATION_COMMENTS = YES;
				CLANG_WARN_EMPTY_BODY = YES;
				CLANG_WARN_ENUM_CONVERSION = YES;
				CLANG_WARN_INFINITE_RECURSION = YES;
				CLANG_WARN_INT_CONVERSION = YES;
				CLANG_WARN_NON_LITERAL_NULL_CONVERSION = YES;
				CLANG_WARN_OBJC_IMPLICIT_RETAIN_SELF = YES;
				CLANG_WARN_OBJC_LITERAL_CONVERSION = YES;
				CLANG_WARN_OBJC_ROOT_CLASS = YES_ERROR;
				CLANG_WARN_QUOTED_INCLUDE_IN_FRAMEWORK_HEADER = YES;
				CLANG_WARN_RANGE_LOOP_ANALYSIS = YES;
				CLANG_WARN_STRICT_PROTOTYPES = YES;
				CLANG_WARN_SUSPICIOUS_MOVE = YES;
				CLANG_WARN_UNGUARDED_AVAILABILITY = YES_AGGRESSIVE;
				CLANG_WARN_UNREACHABLE_CODE = YES;
				CLANG_WARN__DUPLICATE_METHOD_MATCH = YES;
				COPY_PHASE_STRIP = NO;
				DEBUG_INFORMATION_FORMAT = "dwarf-with-dsym";
				ENABLE_NS_ASSERTIONS = NO;
				ENABLE_STRICT_OBJC_MSGSEND = YES;
				GCC_C_LANGUAGE_STANDARD = gnu11;
				GCC_NO_COMMON_BLOCKS = YES;
				GCC_WARN_64_TO_32_BIT_CONVERSION = YES;
				GCC_WARN_ABOUT_RETURN_TYPE = YES_ERROR;
				GCC_WARN_UNDECLARED_SELECTOR = YES;
				GCC_WARN_UNINITIALIZED_AUTOS = YES_AGGRESSIVE;
				GCC_WARN_UNUSED_FUNCTION = YES;
				GCC_WARN_UNUSED_VARIABLE = YES;
				IPHONEOS_DEPLOYMENT_TARGET = 14.2;
				MTL_ENABLE_DEBUG_INFO = NO;
				MTL_FAST_MATH = YES;
				SDKROOT = iphoneos;
				SWIFT_COMPILATION_MODE = wholemodule;
				SWIFT_OPTIMIZATION_LEVEL = "-O";
				VALIDATE_PRODUCT = YES;
			};
			name = Release;
		};
		B24B92BC26792DF70077D8C8 /* Debug */ = {
			isa = XCBuildConfiguration;
			buildSettings = {
				ASSETCATALOG_COMPILER_APPICON_NAME = AppIcon;
				ASSETCATALOG_COMPILER_GLOBAL_ACCENT_COLOR_NAME = AccentColor;
				CODE_SIGN_STYLE = Automatic;
				DEVELOPMENT_TEAM = 3EW67642TS;
				INFOPLIST_FILE = Project_D_06_21/Info.plist;
				LD_RUNPATH_SEARCH_PATHS = (
					"$(inherited)",
					"@executable_path/Frameworks",
				);
				PRODUCT_BUNDLE_IDENTIFIER = "space.Project-D-06-21";
				PRODUCT_NAME = "$(TARGET_NAME)";
				SWIFT_VERSION = 5.0;
				TARGETED_DEVICE_FAMILY = 1;
			};
			name = Debug;
		};
		B24B92BD26792DF70077D8C8 /* Release */ = {
			isa = XCBuildConfiguration;
			buildSettings = {
				ASSETCATALOG_COMPILER_APPICON_NAME = AppIcon;
				ASSETCATALOG_COMPILER_GLOBAL_ACCENT_COLOR_NAME = AccentColor;
				CODE_SIGN_STYLE = Automatic;
				DEVELOPMENT_TEAM = 3EW67642TS;
				INFOPLIST_FILE = Project_D_06_21/Info.plist;
				LD_RUNPATH_SEARCH_PATHS = (
					"$(inherited)",
					"@executable_path/Frameworks",
				);
				PRODUCT_BUNDLE_IDENTIFIER = "space.Project-D-06-21";
				PRODUCT_NAME = "$(TARGET_NAME)";
				SWIFT_VERSION = 5.0;
				TARGETED_DEVICE_FAMILY = 1;
			};
			name = Release;
		};
/* End XCBuildConfiguration section */

/* Begin XCConfigurationList section */
		B24B929F26792DF30077D8C8 /* Build configuration list for PBXProject "Project_D_06_21" */ = {
			isa = XCConfigurationList;
			buildConfigurations = (
				B24B92B926792DF70077D8C8 /* Debug */,
				B24B92BA26792DF70077D8C8 /* Release */,
			);
			defaultConfigurationIsVisible = 0;
			defaultConfigurationName = Release;
		};
		B24B92BB26792DF70077D8C8 /* Build configuration list for PBXNativeTarget "Project_D_06_21" */ = {
			isa = XCConfigurationList;
			buildConfigurations = (
				B24B92BC26792DF70077D8C8 /* Debug */,
				B24B92BD26792DF70077D8C8 /* Release */,
			);
			defaultConfigurationIsVisible = 0;
			defaultConfigurationName = Release;
		};
/* End XCConfigurationList section */

/* Begin XCVersionGroup section */
		B24B92B026792DF30077D8C8 /* Project_D_06_21.xcdatamodeld */ = {
			isa = XCVersionGroup;
			children = (
				B24B92B126792DF30077D8C8 /* Project_D_06_21.xcdatamodel */,
			);
			currentVersion = B24B92B126792DF30077D8C8 /* Project_D_06_21.xcdatamodel */;
			path = Project_D_06_21.xcdatamodeld;
			sourceTree = "<group>";
			versionGroupType = wrapper.xcdatamodel;
		};
/* End XCVersionGroup section */
	};
	rootObject = B24B929C26792DF30077D8C8 /* Project object */;
}
